
Microsoft Visual Studio Solution File, Format Version 12.00
# Visual Studio Version 17
VisualStudioVersion = 17.0.32112.339
MinimumVisualStudioVersion = 10.0.40219.1
Project("{9A19103F-16F7-4668-BE54-9A1E7A4F7556}") = "OnlineSchedule", "OnlineSchedule\OnlineSchedule.csproj", "{D405F06B-A5E0-4349-98D5-7E9584BED58C}"
EndProject
Project("{9A19103F-16F7-4668-BE54-9A1E7A4F7556}") = "OnlineSchedule.Data", "OnlineSchedule.Data\OnlineSchedule.Data.csproj", "{2ADF2E58-0C36-4642-B22C-61EAA862AADC}"
EndProject
Project("{9A19103F-16F7-4668-BE54-9A1E7A4F7556}") = "OnlineSchedule.BusinessLogic", "OnlineSchedule.BusinessLogic\OnlineSchedule.BusinessLogic.csproj", "{06C5F3A1-F6D6-4778-B2A2-A859A23AC44B}"
EndProject
Project("{FAE04EC0-301F-11D3-BF4B-00C04F79EFBC}") = "OnlineSchedule.Presentation", "OnlineSchedule.Presentation\OnlineSchedule.Presentation.csproj", "{02275676-F6DB-4D42-AF98-2C892FFE965A}"
EndProject
Global
	GlobalSection(SolutionConfigurationPlatforms) = preSolution
		Debug|Any CPU = Debug|Any CPU
		Release|Any CPU = Release|Any CPU
	EndGlobalSection
	GlobalSection(ProjectConfigurationPlatforms) = postSolution
		{D405F06B-A5E0-4349-98D5-7E9584BED58C}.Debug|Any CPU.ActiveCfg = Debug|Any CPU
		{D405F06B-A5E0-4349-98D5-7E9584BED58C}.Debug|Any CPU.Build.0 = Debug|Any CPU
		{D405F06B-A5E0-4349-98D5-7E9584BED58C}.Release|Any CPU.ActiveCfg = Release|Any CPU
		{D405F06B-A5E0-4349-98D5-7E9584BED58C}.Release|Any CPU.Build.0 = Release|Any CPU
		{2ADF2E58-0C36-4642-B22C-61EAA862AADC}.Debug|Any CPU.ActiveCfg = Debug|Any CPU
		{2ADF2E58-0C36-4642-B22C-61EAA862AADC}.Debug|Any CPU.Build.0 = Debug|Any CPU
		{2ADF2E58-0C36-4642-B22C-61EAA862AADC}.Release|Any CPU.ActiveCfg = Release|Any CPU
		{2ADF2E58-0C36-4642-B22C-61EAA862AADC}.Release|Any CPU.Build.0 = Release|Any CPU
		{06C5F3A1-F6D6-4778-B2A2-A859A23AC44B}.Debug|Any CPU.ActiveCfg = Debug|Any CPU
		{06C5F3A1-F6D6-4778-B2A2-A859A23AC44B}.Debug|Any CPU.Build.0 = Debug|Any CPU
		{06C5F3A1-F6D6-4778-B2A2-A859A23AC44B}.Release|Any CPU.ActiveCfg = Release|Any CPU
		{06C5F3A1-F6D6-4778-B2A2-A859A23AC44B}.Release|Any CPU.Build.0 = Release|Any CPU
		{02275676-F6DB-4D42-AF98-2C892FFE965A}.Debug|Any CPU.ActiveCfg = Debug|Any CPU
		{02275676-F6DB-4D42-AF98-2C892FFE965A}.Debug|Any CPU.Build.0 = Debug|Any CPU
		{02275676-F6DB-4D42-AF98-2C892FFE965A}.Release|Any CPU.ActiveCfg = Release|Any CPU
		{02275676-F6DB-4D42-AF98-2C892FFE965A}.Release|Any CPU.Build.0 = Release|Any CPU
	EndGlobalSection
	GlobalSection(SolutionProperties) = preSolution
		HideSolutionNode = FALSE
	EndGlobalSection
	GlobalSection(ExtensibilityGlobals) = postSolution
		SolutionGuid = {BFE13ECE-7DD1-4163-BAA9-F80B71E76D5A}
	EndGlobalSection
EndGlobal
